
Microsoft Visual Studio Solution File, Format Version 12.00
# Visual Studio Version 16
VisualStudioVersion = 16.0.31911.196
MinimumVisualStudioVersion = 10.0.40219.1
Project("{FAE04EC0-301F-11D3-BF4B-00C04F79EFBC}") = "Garbled", "Garbled\Garbled.csproj", "{885F90AE-324D-4137-BCEB-044F4BF099B5}"
EndProject
Global
	GlobalSection(SolutionConfigurationPlatforms) = preSolution
		Debug|Any CPU = Debug|Any CPU
		Release|Any CPU = Release|Any CPU
	EndGlobalSection
	GlobalSection(ProjectConfigurationPlatforms) = postSolution
		{885F90AE-324D-4137-BCEB-044F4BF099B5}.Debug|Any CPU.ActiveCfg = Debug|Any CPU
		{885F90AE-324D-4137-BCEB-044F4BF099B5}.Debug|Any CPU.Build.0 = Debug|Any CPU
		{885F90AE-324D-4137-BCEB-044F4BF099B5}.Release|Any CPU.ActiveCfg = Release|Any CPU
		{885F90AE-324D-4137-BCEB-044F4BF099B5}.Release|Any CPU.Build.0 = Release|Any CPU
	EndGlobalSection
	GlobalSection(SolutionProperties) = preSolution
		HideSolutionNode = FALSE
	EndGlobalSection
	GlobalSection(ExtensibilityGlobals) = postSolution
		SolutionGuid = {C1DFF4D5-1CA5-4469-9255-F6F9084F81A1}
	EndGlobalSection
EndGlobal
